{
    "_readme": [
        "This file locks the dependencies of your project to a known state",
        "Read more about it at https://getcomposer.org/doc/01-basic-usage.md#installing-dependencies",
        "This file is @generated automatically"
    ],
    "content-hash": "98d66c0f78571545fae3fb5366da55e3",
    "packages": [
        {
            "name": "wdlndfx/artemis",
            "version": "dev-master",
            "source": {
                "type": "git",
                "url": "https://github.com/leonn00albert/Artemis.git",
                "reference": "bcaee95b1f386ddc10bc8bc1c3eb61b6dcc8611b"
            },
            "dist": {
                "type": "zip",
                "url": "https://api.github.com/repos/leonn00albert/Artemis/zipball/bcaee95b1f386ddc10bc8bc1c3eb61b6dcc8611b",
                "reference": "bcaee95b1f386ddc10bc8bc1c3eb61b6dcc8611b",
                "shasum": ""
            },
            "require-dev": {
                "phpstan/phpstan": "^1.10",
                "phpunit/phpunit": "10"
            },
            "default-branch": true,
            "type": "library",
            "autoload": {
                "psr-4": {
                    "Artemis\\Core\\": "core/"
                }
            },
            "notification-url": "https://packagist.org/downloads/",
            "license": [
                "proprietary"
            ],
            "authors": [
                {
                    "name": "Leon Albert",
                    "email": "email@example.com"
                },
                {
                    "name": "hennadii.shvedko",
                    "email": "email@example.com"
                }
            ],
            "description": "description",
            "support": {
                "issues": "https://github.com/leonn00albert/Artemis/issues",
                "source": "https://github.com/leonn00albert/Artemis/tree/master"
            },
            "time": "2023-05-25T14:10:36+00:00"
        }
    ],
    "packages-dev": [],
    "aliases": [],
    "minimum-stability": "stable",
    "stability-flags": {
        "wdlndfx/artemis": 20
    },
    "prefer-stable": false,
    "prefer-lowest": false,
    "platform": [],
    "platform-dev": [],
    "plugin-api-version": "2.3.0"
}
